
Microsoft Visual Studio Solution File, Format Version 12.00
# Visual Studio Version 17
VisualStudioVersion = 17.0.31903.59
MinimumVisualStudioVersion = 10.0.40219.1
Project("{2150E333-8FDC-42A3-9474-1A3956D46DE8}") = "src", "src", "{FB877C9C-A00F-46CF-98E9-6A0349C81819}"
EndProject
Project("{FAE04EC0-301F-11D3-BF4B-00C04F79EFBC}") = "Nikitin.FederalSubjects.WebService", "src\Nikitin.FederalSubjects.WebService\Nikitin.FederalSubjects.WebService.csproj", "{AECAC2D7-6B08-425A-9B64-023C4B4848CA}"
EndProject
Project("{2150E333-8FDC-42A3-9474-1A3956D46DE8}") = "tests", "tests", "{99A9A941-4F4F-419D-A16D-3103A411503C}"
EndProject
Project("{FAE04EC0-301F-11D3-BF4B-00C04F79EFBC}") = "Nikitin.FederalSubjects.WebService.Tests", "tests\Nikitin.FederalSubjects.WebService.Tests\Nikitin.FederalSubjects.WebService.Tests.csproj", "{FBE8E080-DC2B-4948-A56A-019E7DEAA9F6}"
EndProject
Project("{FAE04EC0-301F-11D3-BF4B-00C04F79EFBC}") = "Nikitin.FederalSubjects.Database", "src\Nikitin.FederalSubjects.Database\Nikitin.FederalSubjects.Database.csproj", "{57453853-9F4B-4A47-A8D7-7A428AAFEBD9}"
EndProject
Project("{FAE04EC0-301F-11D3-BF4B-00C04F79EFBC}") = "Nikitin.FederalSubjects.Application", "src\Nikitin.FederalSubjects.Application\Nikitin.FederalSubjects.Application.csproj", "{708ACC72-2E47-46E8-8BEF-06F8B47D4271}"
EndProject
Project("{FAE04EC0-301F-11D3-BF4B-00C04F79EFBC}") = "Nikitin.FederalSubjects.Infrastructure", "src\Nikitin.FederalSubjects.Infrastructure\Nikitin.FederalSubjects.Infrastructure.csproj", "{1B25B901-7D1A-4C2D-84BA-BC401B6A6D87}"
EndProject
Project("{FAE04EC0-301F-11D3-BF4B-00C04F79EFBC}") = "Nikitin.FederalSubjects.Infrastructure.Tests", "tests\Nikitin.FederalSubjects.Infrastructure.Tests\Nikitin.FederalSubjects.Infrastructure.Tests.csproj", "{003B71C1-D557-4DD3-9D72-04FDA65846D3}"
EndProject
Global
	GlobalSection(SolutionConfigurationPlatforms) = preSolution
		Debug|Any CPU = Debug|Any CPU
		Release|Any CPU = Release|Any CPU
	EndGlobalSection
	GlobalSection(SolutionProperties) = preSolution
		HideSolutionNode = FALSE
	EndGlobalSection
	GlobalSection(NestedProjects) = preSolution
		{AECAC2D7-6B08-425A-9B64-023C4B4848CA} = {FB877C9C-A00F-46CF-98E9-6A0349C81819}
		{FBE8E080-DC2B-4948-A56A-019E7DEAA9F6} = {99A9A941-4F4F-419D-A16D-3103A411503C}
		{57453853-9F4B-4A47-A8D7-7A428AAFEBD9} = {FB877C9C-A00F-46CF-98E9-6A0349C81819}
		{708ACC72-2E47-46E8-8BEF-06F8B47D4271} = {FB877C9C-A00F-46CF-98E9-6A0349C81819}
		{1B25B901-7D1A-4C2D-84BA-BC401B6A6D87} = {FB877C9C-A00F-46CF-98E9-6A0349C81819}
		{003B71C1-D557-4DD3-9D72-04FDA65846D3} = {99A9A941-4F4F-419D-A16D-3103A411503C}
	EndGlobalSection
	GlobalSection(ProjectConfigurationPlatforms) = postSolution
		{AECAC2D7-6B08-425A-9B64-023C4B4848CA}.Debug|Any CPU.ActiveCfg = Debug|Any CPU
		{AECAC2D7-6B08-425A-9B64-023C4B4848CA}.Debug|Any CPU.Build.0 = Debug|Any CPU
		{AECAC2D7-6B08-425A-9B64-023C4B4848CA}.Release|Any CPU.ActiveCfg = Release|Any CPU
		{AECAC2D7-6B08-425A-9B64-023C4B4848CA}.Release|Any CPU.Build.0 = Release|Any CPU
		{FBE8E080-DC2B-4948-A56A-019E7DEAA9F6}.Debug|Any CPU.ActiveCfg = Debug|Any CPU
		{FBE8E080-DC2B-4948-A56A-019E7DEAA9F6}.Debug|Any CPU.Build.0 = Debug|Any CPU
		{FBE8E080-DC2B-4948-A56A-019E7DEAA9F6}.Release|Any CPU.ActiveCfg = Release|Any CPU
		{FBE8E080-DC2B-4948-A56A-019E7DEAA9F6}.Release|Any CPU.Build.0 = Release|Any CPU
		{57453853-9F4B-4A47-A8D7-7A428AAFEBD9}.Debug|Any CPU.ActiveCfg = Debug|Any CPU
		{57453853-9F4B-4A47-A8D7-7A428AAFEBD9}.Debug|Any CPU.Build.0 = Debug|Any CPU
		{57453853-9F4B-4A47-A8D7-7A428AAFEBD9}.Release|Any CPU.ActiveCfg = Release|Any CPU
		{57453853-9F4B-4A47-A8D7-7A428AAFEBD9}.Release|Any CPU.Build.0 = Release|Any CPU
		{708ACC72-2E47-46E8-8BEF-06F8B47D4271}.Debug|Any CPU.ActiveCfg = Debug|Any CPU
		{708ACC72-2E47-46E8-8BEF-06F8B47D4271}.Debug|Any CPU.Build.0 = Debug|Any CPU
		{708ACC72-2E47-46E8-8BEF-06F8B47D4271}.Release|Any CPU.ActiveCfg = Release|Any CPU
		{708ACC72-2E47-46E8-8BEF-06F8B47D4271}.Release|Any CPU.Build.0 = Release|Any CPU
		{1B25B901-7D1A-4C2D-84BA-BC401B6A6D87}.Debug|Any CPU.ActiveCfg = Debug|Any CPU
		{1B25B901-7D1A-4C2D-84BA-BC401B6A6D87}.Debug|Any CPU.Build.0 = Debug|Any CPU
		{1B25B901-7D1A-4C2D-84BA-BC401B6A6D87}.Release|Any CPU.ActiveCfg = Release|Any CPU
		{1B25B901-7D1A-4C2D-84BA-BC401B6A6D87}.Release|Any CPU.Build.0 = Release|Any CPU
		{003B71C1-D557-4DD3-9D72-04FDA65846D3}.Debug|Any CPU.ActiveCfg = Debug|Any CPU
		{003B71C1-D557-4DD3-9D72-04FDA65846D3}.Debug|Any CPU.Build.0 = Debug|Any CPU
		{003B71C1-D557-4DD3-9D72-04FDA65846D3}.Release|Any CPU.ActiveCfg = Release|Any CPU
		{003B71C1-D557-4DD3-9D72-04FDA65846D3}.Release|Any CPU.Build.0 = Release|Any CPU
	EndGlobalSection
EndGlobal
